
Microsoft Visual Studio Solution File, Format Version 12.00
# Visual Studio Version 17
VisualStudioVersion = 17.9.34616.47
MinimumVisualStudioVersion = 10.0.40219.1
Project("{FAE04EC0-301F-11D3-BF4B-00C04F79EFBC}") = "QualityAndTesting-Lab-1", "QualityAndTesting-Lab-1\QualityAndTesting-Lab-1.csproj", "{E2400F1B-9359-428F-8CAC-5E932710DD67}"
EndProject
Project("{FAE04EC0-301F-11D3-BF4B-00C04F79EFBC}") = "OOP-Lab-3", "OOP-Lab-3\OOP-Lab-3.csproj", "{E44B4A34-8B72-4785-B7E8-5DCB40B0E8F1}"
EndProject
Project("{FAE04EC0-301F-11D3-BF4B-00C04F79EFBC}") = "OOP-Lab-4", "OOP-Lab-4\OOP-Lab-4.csproj", "{0ED8F8B7-E9BE-4BD9-89B8-093C7CB663E5}"
EndProject
Global
	GlobalSection(SolutionConfigurationPlatforms) = preSolution
		Debug|Any CPU = Debug|Any CPU
		Release|Any CPU = Release|Any CPU
	EndGlobalSection
	GlobalSection(ProjectConfigurationPlatforms) = postSolution
		{E2400F1B-9359-428F-8CAC-5E932710DD67}.Debug|Any CPU.ActiveCfg = Debug|Any CPU
		{E2400F1B-9359-428F-8CAC-5E932710DD67}.Debug|Any CPU.Build.0 = Debug|Any CPU
		{E2400F1B-9359-428F-8CAC-5E932710DD67}.Release|Any CPU.ActiveCfg = Release|Any CPU
		{E2400F1B-9359-428F-8CAC-5E932710DD67}.Release|Any CPU.Build.0 = Release|Any CPU
		{E44B4A34-8B72-4785-B7E8-5DCB40B0E8F1}.Debug|Any CPU.ActiveCfg = Debug|Any CPU
		{E44B4A34-8B72-4785-B7E8-5DCB40B0E8F1}.Debug|Any CPU.Build.0 = Debug|Any CPU
		{E44B4A34-8B72-4785-B7E8-5DCB40B0E8F1}.Release|Any CPU.ActiveCfg = Release|Any CPU
		{E44B4A34-8B72-4785-B7E8-5DCB40B0E8F1}.Release|Any CPU.Build.0 = Release|Any CPU
		{0ED8F8B7-E9BE-4BD9-89B8-093C7CB663E5}.Debug|Any CPU.ActiveCfg = Debug|Any CPU
		{0ED8F8B7-E9BE-4BD9-89B8-093C7CB663E5}.Debug|Any CPU.Build.0 = Debug|Any CPU
		{0ED8F8B7-E9BE-4BD9-89B8-093C7CB663E5}.Release|Any CPU.ActiveCfg = Release|Any CPU
		{0ED8F8B7-E9BE-4BD9-89B8-093C7CB663E5}.Release|Any CPU.Build.0 = Release|Any CPU
	EndGlobalSection
	GlobalSection(SolutionProperties) = preSolution
		HideSolutionNode = FALSE
	EndGlobalSection
	GlobalSection(ExtensibilityGlobals) = postSolution
		SolutionGuid = {69303E98-AA9A-4E4E-BA5E-4AA29498D161}
	EndGlobalSection
EndGlobal
